
Microsoft Visual Studio Solution File, Format Version 12.00
# Visual Studio Version 16
VisualStudioVersion = 16.0.30413.136
MinimumVisualStudioVersion = 10.0.40219.1
Project("{FAE04EC0-301F-11D3-BF4B-00C04F79EFBC}") = "Inmobiliaria", "Inmobiliaria\Inmobiliaria.csproj", "{D0869613-1AB7-4F7B-9FA2-D4B65684C419}"
EndProject
Global
	GlobalSection(SolutionConfigurationPlatforms) = preSolution
		Debug|Any CPU = Debug|Any CPU
		Release|Any CPU = Release|Any CPU
	EndGlobalSection
	GlobalSection(ProjectConfigurationPlatforms) = postSolution
		{D0869613-1AB7-4F7B-9FA2-D4B65684C419}.Debug|Any CPU.ActiveCfg = Debug|Any CPU
		{D0869613-1AB7-4F7B-9FA2-D4B65684C419}.Debug|Any CPU.Build.0 = Debug|Any CPU
		{D0869613-1AB7-4F7B-9FA2-D4B65684C419}.Release|Any CPU.ActiveCfg = Release|Any CPU
		{D0869613-1AB7-4F7B-9FA2-D4B65684C419}.Release|Any CPU.Build.0 = Release|Any CPU
	EndGlobalSection
	GlobalSection(SolutionProperties) = preSolution
		HideSolutionNode = FALSE
	EndGlobalSection
	GlobalSection(ExtensibilityGlobals) = postSolution
		SolutionGuid = {CA5B278C-D541-4DD1-8A5F-49FB93B97EB9}
	EndGlobalSection
EndGlobal
